{
  "name": "final_year_project",
  "lockfileVersion": 2,
  "requires": true,
  "packages": {
    "": {
      "dependencies": {
        "@types/cytoscape": "^3.19.9",
        "cytoscape": "^3.23.0",
        "cytoscape-euler": "^1.2.2"
      },
      "devDependencies": {
        "@types/cytoscape-euler": "^1.2.0"
      }
    },
    "node_modules/@types/cytoscape": {
      "version": "3.19.9",
      "resolved": "https://registry.npmjs.org/@types/cytoscape/-/cytoscape-3.19.9.tgz",
      "integrity": "sha512-oqCx0ZGiBO0UESbjgq052vjDAy2X53lZpMrWqiweMpvVwKw/2IiYDdzPFK6+f4tMfdv9YKEM9raO5bAZc3UYBg=="
    },
    "node_modules/@types/cytoscape-euler": {
      "version": "1.2.0",
      "resolved": "https://registry.npmjs.org/@types/cytoscape-euler/-/cytoscape-euler-1.2.0.tgz",
      "integrity": "sha512-vFpbhRUim6Yz5qoypO14xth76peaXcLxmiampUW8642PZgp/1d+fxGbHYGxFyzHIqaSudtxxQIfi4MlvZMcYrA==",
      "dev": true,
      "dependencies": {
        "@types/cytoscape": "*"
      }
    },
    "node_modules/cytoscape": {
      "version": "3.23.0",
      "resolved": "https://registry.npmjs.org/cytoscape/-/cytoscape-3.23.0.tgz",
      "integrity": "sha512-gRZqJj/1kiAVPkrVFvz/GccxsXhF3Qwpptl32gKKypO4IlqnKBjTOu+HbXtEggSGzC5KCaHp3/F7GgENrtsFkA==",
      "dependencies": {
        "heap": "^0.2.6",
        "lodash": "^4.17.21"
      },
      "engines": {
        "node": ">=0.10"
      }
    },
    "node_modules/cytoscape-euler": {
      "version": "1.2.2",
      "resolved": "https://registry.npmjs.org/cytoscape-euler/-/cytoscape-euler-1.2.2.tgz",
      "integrity": "sha512-A24ZGrFpqCOutTIlGoXA5kmjFj68iy7HvqXuhcZUL1a7Z8bL59Bl2bB7hkSvFcCZBVCNcArxKr+YlB8bJo9Ftw==",
      "peerDependencies": {
        "cytoscape": "^3.0.0"
      }
    },
    "node_modules/heap": {
      "version": "0.2.7",
      "resolved": "https://registry.npmjs.org/heap/-/heap-0.2.7.tgz",
      "integrity": "sha512-2bsegYkkHO+h/9MGbn6KWcE45cHZgPANo5LXF7EvWdT0yT2EguSVO1nDgU5c8+ZOPwp2vMNa7YFsJhVcDR9Sdg=="
    },
    "node_modules/lodash": {
      "version": "4.17.21",
      "resolved": "https://registry.npmjs.org/lodash/-/lodash-4.17.21.tgz",
      "integrity": "sha512-v2kDEe57lecTulaDIuNTPy3Ry4gLGJ6Z1O3vE1krgXZNrsQ+LFTGHVxVjcXPs17LhbZVGedAJv8XZ1tvj5FvSg=="
    }
  },
  "dependencies": {
    "@types/cytoscape": {
      "version": "3.19.9",
      "resolved": "https://registry.npmjs.org/@types/cytoscape/-/cytoscape-3.19.9.tgz",
      "integrity": "sha512-oqCx0ZGiBO0UESbjgq052vjDAy2X53lZpMrWqiweMpvVwKw/2IiYDdzPFK6+f4tMfdv9YKEM9raO5bAZc3UYBg=="
    },
    "@types/cytoscape-euler": {
      "version": "1.2.0",
      "resolved": "https://registry.npmjs.org/@types/cytoscape-euler/-/cytoscape-euler-1.2.0.tgz",
      "integrity": "sha512-vFpbhRUim6Yz5qoypO14xth76peaXcLxmiampUW8642PZgp/1d+fxGbHYGxFyzHIqaSudtxxQIfi4MlvZMcYrA==",
      "dev": true,
      "requires": {
        "@types/cytoscape": "*"
      }
    },
    "cytoscape": {
      "version": "3.23.0",
      "resolved": "https://registry.npmjs.org/cytoscape/-/cytoscape-3.23.0.tgz",
      "integrity": "sha512-gRZqJj/1kiAVPkrVFvz/GccxsXhF3Qwpptl32gKKypO4IlqnKBjTOu+HbXtEggSGzC5KCaHp3/F7GgENrtsFkA==",
      "requires": {
        "heap": "^0.2.6",
        "lodash": "^4.17.21"
      }
    },
    "cytoscape-euler": {
      "version": "1.2.2",
      "resolved": "https://registry.npmjs.org/cytoscape-euler/-/cytoscape-euler-1.2.2.tgz",
      "integrity": "sha512-A24ZGrFpqCOutTIlGoXA5kmjFj68iy7HvqXuhcZUL1a7Z8bL59Bl2bB7hkSvFcCZBVCNcArxKr+YlB8bJo9Ftw==",
      "requires": {}
    },
    "heap": {
      "version": "0.2.7",
      "resolved": "https://registry.npmjs.org/heap/-/heap-0.2.7.tgz",
      "integrity": "sha512-2bsegYkkHO+h/9MGbn6KWcE45cHZgPANo5LXF7EvWdT0yT2EguSVO1nDgU5c8+ZOPwp2vMNa7YFsJhVcDR9Sdg=="
    },
    "lodash": {
      "version": "4.17.21",
      "resolved": "https://registry.npmjs.org/lodash/-/lodash-4.17.21.tgz",
      "integrity": "sha512-v2kDEe57lecTulaDIuNTPy3Ry4gLGJ6Z1O3vE1krgXZNrsQ+LFTGHVxVjcXPs17LhbZVGedAJv8XZ1tvj5FvSg=="
    }
  }
}
